Microsoft Visual Studio Solution File, Format Version 12.00
# Visual Studio Version 17
VisualStudioVersion = 17.6.33801.468
MinimumVisualStudioVersion = 10.0.40219.1
Project("{6989167D-11E4-40FE-8C1A-2192A86A7E90}") = "EFDCPlus_MPI_12.4", "EFDC\EFDCPlus_MPI_12.4.vfproj", "{8F3F0269-93FE-4360-B2AD-B35BE7DA4202}"
EndProject
Global
	GlobalSection(SolutionConfigurationPlatforms) = preSolution
		DP_Debug|x64 = DP_Debug|x64
		DP_Debug|x86 = DP_Debug|x86
		DP_Release_IFX|x64 = DP_Release_IFX|x64
		DP_Release_IFX|x86 = DP_Release_IFX|x86
		DP_Release|x64 = DP_Release|x64
		DP_Release|x86 = DP_Release|x86
		SP_Debug|x64 = SP_Debug|x64
		SP_Debug|x86 = SP_Debug|x86
		SP_Release_IFX|x64 = SP_Release_IFX|x64
		SP_Release_IFX|x86 = SP_Release_IFX|x86
		SP_Release|x64 = SP_Release|x64
		SP_Release|x86 = SP_Release|x86
	EndGlobalSection
	GlobalSection(ProjectConfigurationPlatforms) = postSolution
		{8F3F0269-93FE-4360-B2AD-B35BE7DA4202}.DP_Debug|x64.ActiveCfg = DP_Debug|x64
		{8F3F0269-93FE-4360-B2AD-B35BE7DA4202}.DP_Debug|x64.Build.0 = DP_Debug|x64
		{8F3F0269-93FE-4360-B2AD-B35BE7DA4202}.DP_Debug|x86.ActiveCfg = DP_Debug|Win32
		{8F3F0269-93FE-4360-B2AD-B35BE7DA4202}.DP_Debug|x86.Build.0 = DP_Debug|Win32
		{8F3F0269-93FE-4360-B2AD-B35BE7DA4202}.DP_Release_IFX|x64.ActiveCfg = DP_Release_IFX|x64
		{8F3F0269-93FE-4360-B2AD-B35BE7DA4202}.DP_Release_IFX|x64.Build.0 = DP_Release_IFX|x64
		{8F3F0269-93FE-4360-B2AD-B35BE7DA4202}.DP_Release_IFX|x86.ActiveCfg = DP_Release_IFX|Win32
		{8F3F0269-93FE-4360-B2AD-B35BE7DA4202}.DP_Release_IFX|x86.Build.0 = DP_Release_IFX|Win32
		{8F3F0269-93FE-4360-B2AD-B35BE7DA4202}.DP_Release|x64.ActiveCfg = DP_Release|x64
		{8F3F0269-93FE-4360-B2AD-B35BE7DA4202}.DP_Release|x64.Build.0 = DP_Release|x64
		{8F3F0269-93FE-4360-B2AD-B35BE7DA4202}.DP_Release|x86.ActiveCfg = DP_Release|Win32
		{8F3F0269-93FE-4360-B2AD-B35BE7DA4202}.DP_Release|x86.Build.0 = DP_Release|Win32
		{8F3F0269-93FE-4360-B2AD-B35BE7DA4202}.SP_Debug|x64.ActiveCfg = SP_Debug|x64
		{8F3F0269-93FE-4360-B2AD-B35BE7DA4202}.SP_Debug|x64.Build.0 = SP_Debug|x64
		{8F3F0269-93FE-4360-B2AD-B35BE7DA4202}.SP_Debug|x86.ActiveCfg = SP_Debug|Win32
		{8F3F0269-93FE-4360-B2AD-B35BE7DA4202}.SP_Debug|x86.Build.0 = SP_Debug|Win32
		{8F3F0269-93FE-4360-B2AD-B35BE7DA4202}.SP_Release_IFX|x64.ActiveCfg = SP_Release_IFX|x64
		{8F3F0269-93FE-4360-B2AD-B35BE7DA4202}.SP_Release_IFX|x64.Build.0 = SP_Release_IFX|x64
		{8F3F0269-93FE-4360-B2AD-B35BE7DA4202}.SP_Release_IFX|x86.ActiveCfg = SP_Release_IFX|Win32
		{8F3F0269-93FE-4360-B2AD-B35BE7DA4202}.SP_Release_IFX|x86.Build.0 = SP_Release_IFX|Win32
		{8F3F0269-93FE-4360-B2AD-B35BE7DA4202}.SP_Release|x64.ActiveCfg = SP_Release|x64
		{8F3F0269-93FE-4360-B2AD-B35BE7DA4202}.SP_Release|x64.Build.0 = SP_Release|x64
		{8F3F0269-93FE-4360-B2AD-B35BE7DA4202}.SP_Release|x86.ActiveCfg = SP_Release|Win32
		{8F3F0269-93FE-4360-B2AD-B35BE7DA4202}.SP_Release|x86.Build.0 = SP_Release|Win32
	EndGlobalSection
	GlobalSection(SolutionProperties) = preSolution
		HideSolutionNode = FALSE
	EndGlobalSection
	GlobalSection(ExtensibilityGlobals) = postSolution
		SolutionGuid = {482BBB08-E38C-4A7D-B29C-F61101249D2B}
	EndGlobalSection
EndGlobal
